{
  "name": "http-cache-test",
  "version": "1.0.0",
  "lockfileVersion": 3,
  "requires": true,
  "packages": {
    "": {
      "name": "http-cache-test",
      "version": "1.0.0",
      "license": "ISC",
      "dependencies": {
        "ngx-http-cache": "file:../ngx-http-cache"
      }
    },
    "../ngx-http-cache": {
      "version": "0.0.1",
      "dependencies": {
        "tslib": "^2.3.0"
      },
      "peerDependencies": {
        "@angular/common": "^17.3.0",
        "@angular/core": "^17.3.0"
      }
    },
    "node_modules/ngx-http-cache": {
      "resolved": "../ngx-http-cache",
      "link": true
    }
  }
}
